
Microsoft Visual Studio Solution File, Format Version 12.00
# Visual Studio Version 17
VisualStudioVersion = 17.6.33829.357
MinimumVisualStudioVersion = 10.0.40219.1
Project("{FAE04EC0-301F-11D3-BF4B-00C04F79EFBC}") = "CSharp_Bai2", "CSharp_Bai2.csproj", "{BB6E6CD8-2A78-4B17-A77D-15601F8F2D1F}"
EndProject
Global
	GlobalSection(SolutionConfigurationPlatforms) = preSolution
		Debug|Any CPU = Debug|Any CPU
		Release|Any CPU = Release|Any CPU
	EndGlobalSection
	GlobalSection(ProjectConfigurationPlatforms) = postSolution
		{BB6E6CD8-2A78-4B17-A77D-15601F8F2D1F}.Debug|Any CPU.ActiveCfg = Debug|Any CPU
		{BB6E6CD8-2A78-4B17-A77D-15601F8F2D1F}.Debug|Any CPU.Build.0 = Debug|Any CPU
		{BB6E6CD8-2A78-4B17-A77D-15601F8F2D1F}.Release|Any CPU.ActiveCfg = Release|Any CPU
		{BB6E6CD8-2A78-4B17-A77D-15601F8F2D1F}.Release|Any CPU.Build.0 = Release|Any CPU
	EndGlobalSection
	GlobalSection(SolutionProperties) = preSolution
		HideSolutionNode = FALSE
	EndGlobalSection
	GlobalSection(ExtensibilityGlobals) = postSolution
		SolutionGuid = {4FDB4DA1-C101-4645-9ABF-07018A7D4D34}
	EndGlobalSection
EndGlobal
